# This file was autogenerated by Stack.
# You should not edit this file by hand.
# For more information, please see the documentation at:
#   https://docs.haskellstack.org/en/stable/lock_files

packages:
- completed:
    hackage: clay-0.14.0@sha256:382eced24317f9ed0f7a0a4789cdfc6fc8dd32895cdb0c4ea50a1613bee08af3,2128
    pantry-tree:
      size: 2256
      sha256: 63de34c432705d98e4309392eb0c3901fec45d4bbf9f0aab750db114467533b1
  original:
    hackage: clay-0.14.0
- completed:
    hackage: lucid-svg-0.7.1@sha256:012455fd2b1ec6b0f3bba405fd66c99cc6d26592bf25c2624741969567c6e510,1088
    pantry-tree:
      size: 456
      sha256: 46cd22d19a82b9defe4cdec84eaca2fbc804d81515631f0afdb7f2c76a7b548a
  original:
    hackage: lucid-svg-0.7.1
snapshots:
- completed:
    size: 590100
    url: https://raw.githubusercontent.com/commercialhaskell/stackage-snapshots/master/lts/18/28.yaml
    sha256: 428ec8d5ce932190d3cbe266b9eb3c175cd81e984babf876b64019e2cbe4ea68
  original: lts-18.28
